
Microsoft Visual Studio Solution File, Format Version 12.00
# Visual Studio Version 17
VisualStudioVersion = 17.8.34525.116
MinimumVisualStudioVersion = 10.0.40219.1
Project("{FAE04EC0-301F-11D3-BF4B-00C04F79EFBC}") = "HealthInsuranceSystem", "WindowsFormsApp1\HealthInsuranceSystem.csproj", "{891B90B7-C180-4B09-AE03-7F89DA77DF38}"
EndProject
Global
	GlobalSection(SolutionConfigurationPlatforms) = preSolution
		Debug|Any CPU = Debug|Any CPU
		Release|Any CPU = Release|Any CPU
	EndGlobalSection
	GlobalSection(ProjectConfigurationPlatforms) = postSolution
		{891B90B7-C180-4B09-AE03-7F89DA77DF38}.Debug|Any CPU.ActiveCfg = Debug|Any CPU
		{891B90B7-C180-4B09-AE03-7F89DA77DF38}.Debug|Any CPU.Build.0 = Debug|Any CPU
		{891B90B7-C180-4B09-AE03-7F89DA77DF38}.Release|Any CPU.ActiveCfg = Release|Any CPU
		{891B90B7-C180-4B09-AE03-7F89DA77DF38}.Release|Any CPU.Build.0 = Release|Any CPU
	EndGlobalSection
	GlobalSection(SolutionProperties) = preSolution
		HideSolutionNode = FALSE
	EndGlobalSection
	GlobalSection(ExtensibilityGlobals) = postSolution
		SolutionGuid = {37EB3B66-0D11-4609-84D5-5A089E2677DF}
	EndGlobalSection
EndGlobal
